Microsoft Visual Studio Solution File, Format Version 11.00
# Visual Studio 2010
Project("{8BC9CEB8-8B4A-11D0-8D11-00A0C91BC942}") = "libcpuid", "libcpuid\libcpuid_vc10.vcxproj", "{92BDBA37-96E3-4D85-B762-185E4407BB49}"
EndProject
Project("{8BC9CEB8-8B4A-11D0-8D11-00A0C91BC942}") = "cpuid_tool", "cpuid_tool\cpuid_tool_vc10.vcxproj", "{854A36FB-EA23-4165-9110-A55EB97C6377}"
EndProject
Global
	GlobalSection(SolutionConfigurationPlatforms) = preSolution
		Debug|Win32 = Debug|Win32
		Debug|x64 = Debug|x64
		Release|Win32 = Release|Win32
		Release|x64 = Release|x64
		ReleaseDLL|Win32 = ReleaseDLL|Win32
		ReleaseDLL|x64 = ReleaseDLL|x64
	EndGlobalSection
	GlobalSection(ProjectConfigurationPlatforms) = postSolution
		{92BDBA37-96E3-4D85-B762-185E4407BB49}.Debug|Win32.ActiveCfg = Debug|Win32
		{92BDBA37-96E3-4D85-B762-185E4407BB49}.Debug|Win32.Build.0 = Debug|Win32
		{92BDBA37-96E3-4D85-B762-185E4407BB49}.Debug|x64.ActiveCfg = Debug|x64
		{92BDBA37-96E3-4D85-B762-185E4407BB49}.Debug|x64.Build.0 = Debug|x64
		{92BDBA37-96E3-4D85-B762-185E4407BB49}.Release|Win32.ActiveCfg = Release|Win32
		{92BDBA37-96E3-4D85-B762-185E4407BB49}.Release|Win32.Build.0 = Release|Win32
		{92BDBA37-96E3-4D85-B762-185E4407BB49}.Release|x64.ActiveCfg = Release|x64
		{92BDBA37-96E3-4D85-B762-185E4407BB49}.Release|x64.Build.0 = Release|x64
		{92BDBA37-96E3-4D85-B762-185E4407BB49}.ReleaseDLL|Win32.ActiveCfg = ReleaseDLL|Win32
		{92BDBA37-96E3-4D85-B762-185E4407BB49}.ReleaseDLL|Win32.Build.0 = ReleaseDLL|Win32
		{92BDBA37-96E3-4D85-B762-185E4407BB49}.ReleaseDLL|x64.ActiveCfg = ReleaseDLL|x64
		{92BDBA37-96E3-4D85-B762-185E4407BB49}.ReleaseDLL|x64.Build.0 = ReleaseDLL|x64
		{854A36FB-EA23-4165-9110-A55EB97C6377}.Debug|Win32.ActiveCfg = Debug|Win32
		{854A36FB-EA23-4165-9110-A55EB97C6377}.Debug|Win32.Build.0 = Debug|Win32
		{854A36FB-EA23-4165-9110-A55EB97C6377}.Debug|x64.ActiveCfg = Debug|x64
		{854A36FB-EA23-4165-9110-A55EB97C6377}.Debug|x64.Build.0 = Debug|x64
		{854A36FB-EA23-4165-9110-A55EB97C6377}.Release|Win32.ActiveCfg = Release|Win32
		{854A36FB-EA23-4165-9110-A55EB97C6377}.Release|Win32.Build.0 = Release|Win32
		{854A36FB-EA23-4165-9110-A55EB97C6377}.Release|x64.ActiveCfg = Release|x64
		{854A36FB-EA23-4165-9110-A55EB97C6377}.Release|x64.Build.0 = Release|x64
		{854A36FB-EA23-4165-9110-A55EB97C6377}.ReleaseDLL|Win32.ActiveCfg = ReleaseDLL|Win32
		{854A36FB-EA23-4165-9110-A55EB97C6377}.ReleaseDLL|Win32.Build.0 = ReleaseDLL|Win32
		{854A36FB-EA23-4165-9110-A55EB97C6377}.ReleaseDLL|x64.ActiveCfg = ReleaseDLL|x64
		{854A36FB-EA23-4165-9110-A55EB97C6377}.ReleaseDLL|x64.Build.0 = ReleaseDLL|x64
	EndGlobalSection
	GlobalSection(SolutionProperties) = preSolution
		HideSolutionNode = FALSE
	EndGlobalSection
EndGlobal
